
Microsoft Visual Studio Solution File, Format Version 12.00
# Visual Studio 15
VisualStudioVersion = 15.0.26730.8
MinimumVisualStudioVersion = 10.0.40219.1
Project("{9A19103F-16F7-4668-BE54-9A1E7A4F7556}") = "AlgorithmsReact", "AlgorithmsReact\AlgorithmsReact.csproj", "{C1A6C6A8-9BAF-4204-8F80-475F41DA283B}"
EndProject
Global
	GlobalSection(SolutionConfigurationPlatforms) = preSolution
		Debug|Any CPU = Debug|Any CPU
		Release|Any CPU = Release|Any CPU
	EndGlobalSection
	GlobalSection(ProjectConfigurationPlatforms) = postSolution
		{C1A6C6A8-9BAF-4204-8F80-475F41DA283B}.Debug|Any CPU.ActiveCfg = Debug|Any CPU
		{C1A6C6A8-9BAF-4204-8F80-475F41DA283B}.Debug|Any CPU.Build.0 = Debug|Any CPU
		{C1A6C6A8-9BAF-4204-8F80-475F41DA283B}.Release|Any CPU.ActiveCfg = Release|Any CPU
		{C1A6C6A8-9BAF-4204-8F80-475F41DA283B}.Release|Any CPU.Build.0 = Release|Any CPU
	EndGlobalSection
	GlobalSection(SolutionProperties) = preSolution
		HideSolutionNode = FALSE
	EndGlobalSection
	GlobalSection(ExtensibilityGlobals) = postSolution
		SolutionGuid = {69300876-7A60-4EE4-8370-59E36DFC31DA}
	EndGlobalSection
EndGlobal
